
Microsoft Visual Studio Solution File, Format Version 12.00
# Visual Studio Version 17
VisualStudioVersion = 17.9.34728.123
MinimumVisualStudioVersion = 10.0.40219.1
Project("{9A19103F-16F7-4668-BE54-9A1E7A4F7556}") = "la-mia-pizzeria-static", "la-mia-pizzeria-static\la-mia-pizzeria-static.csproj", "{DA0F5300-852A-451D-BA1A-8FB60F17C481}"
EndProject
Project("{FAE04EC0-301F-11D3-BF4B-00C04F79EFBC}") = "Snacks", "Snacks\Snacks.csproj", "{AECFE489-1D3F-49CB-89BB-64D7795F00A5}"
EndProject
Global
	GlobalSection(SolutionConfigurationPlatforms) = preSolution
		Debug|Any CPU = Debug|Any CPU
		Release|Any CPU = Release|Any CPU
	EndGlobalSection
	GlobalSection(ProjectConfigurationPlatforms) = postSolution
		{DA0F5300-852A-451D-BA1A-8FB60F17C481}.Debug|Any CPU.ActiveCfg = Debug|Any CPU
		{DA0F5300-852A-451D-BA1A-8FB60F17C481}.Debug|Any CPU.Build.0 = Debug|Any CPU
		{DA0F5300-852A-451D-BA1A-8FB60F17C481}.Release|Any CPU.ActiveCfg = Release|Any CPU
		{DA0F5300-852A-451D-BA1A-8FB60F17C481}.Release|Any CPU.Build.0 = Release|Any CPU
		{AECFE489-1D3F-49CB-89BB-64D7795F00A5}.Debug|Any CPU.ActiveCfg = Debug|Any CPU
		{AECFE489-1D3F-49CB-89BB-64D7795F00A5}.Debug|Any CPU.Build.0 = Debug|Any CPU
		{AECFE489-1D3F-49CB-89BB-64D7795F00A5}.Release|Any CPU.ActiveCfg = Release|Any CPU
		{AECFE489-1D3F-49CB-89BB-64D7795F00A5}.Release|Any CPU.Build.0 = Release|Any CPU
	EndGlobalSection
	GlobalSection(SolutionProperties) = preSolution
		HideSolutionNode = FALSE
	EndGlobalSection
	GlobalSection(ExtensibilityGlobals) = postSolution
		SolutionGuid = {D7CF6857-AF43-4BFB-8E5E-D7D4BF136173}
	EndGlobalSection
EndGlobal
